# This file is automatically @generated by Cargo.
# It is not intended for manual editing.
version = 3

[[package]]
name = "rollshot-app"
version = "0.1.0"

[[package]]
name = "rollshot-capture"
version = "0.1.0"

[[package]]
name = "rollshot-cli"
version = "0.1.0"
dependencies = [
 "rollshot-capture",
 "rollshot-core",
]

[[package]]
name = "rollshot-core"
version = "0.1.0"
